// !$*UTF8*$!
{
	archiveVersion = 1;
	classes = {
	};
	objectVersion = 46;
	objects = {

/* Begin PBXBuildFile section */
		EC918FF2180D842B009EB1D7 /* libR1Emitter.a in Frameworks */ = {isa = PBXBuildFile; fileRef = EC918FEE180D842B009EB1D7 /* libR1Emitter.a */; };
		ECD5353F18054A70000A2909 /* Foundation.framework in Frameworks */ = {isa = PBXBuildFile; fileRef = ECD5353E18054A70000A2909 /* Foundation.framework */; };
		ECD5354118054A70000A2909 /* CoreGraphics.framework in Frameworks */ = {isa = PBXBuildFile; fileRef = ECD5354018054A70000A2909 /* CoreGraphics.framework */; };
		ECD5354318054A70000A2909 /* UIKit.framework in Frameworks */ = {isa = PBXBuildFile; fileRef = ECD5354218054A70000A2909 /* UIKit.framework */; };
		ECD5354918054A70000A2909 /* InfoPlist.strings in Resources */ = {isa = PBXBuildFile; fileRef = ECD5354718054A70000A2909 /* InfoPlist.strings */; };
		ECD5354B18054A70000A2909 /* main.m in Sources */ = {isa = PBXBuildFile; fileRef = ECD5354A18054A70000A2909 /* main.m */; };
		ECD5354F18054A70000A2909 /* REAppDelegate.m in Sources */ = {isa = PBXBuildFile; fileRef = ECD5354E18054A70000A2909 /* REAppDelegate.m */; };
		ECD5355118054A70000A2909 /* Images.xcassets in Resources */ = {isa = PBXBuildFile; fileRef = ECD5355018054A70000A2909 /* Images.xcassets */; };
		ECD5358718054B58000A2909 /* REEventLineItemCell.m in Sources */ = {isa = PBXBuildFile; fileRef = ECD5356E18054B58000A2909 /* REEventLineItemCell.m */; };
		ECD5358818054B58000A2909 /* REEventLineItemEditorViewController.m in Sources */ = {isa = PBXBuildFile; fileRef = ECD5357018054B58000A2909 /* REEventLineItemEditorViewController.m */; };
		ECD5358918054B58000A2909 /* REEventParameter.m in Sources */ = {isa = PBXBuildFile; fileRef = ECD5357218054B58000A2909 /* REEventParameter.m */; };
		ECD5358A18054B58000A2909 /* REEventParameterCell.m in Sources */ = {isa = PBXBuildFile; fileRef = ECD5357418054B58000A2909 /* REEventParameterCell.m */; };
		ECD5358B18054B58000A2909 /* REEventParameterEditorViewController.m in Sources */ = {isa = PBXBuildFile; fileRef = ECD5357618054B58000A2909 /* REEventParameterEditorViewController.m */; };
		ECD5358C18054B58000A2909 /* REEventParametersViewController.m in Sources */ = {isa = PBXBuildFile; fileRef = ECD5357818054B58000A2909 /* REEventParametersViewController.m */; };
		ECD5358D18054B58000A2909 /* REEventParameterTypeViewController.m in Sources */ = {isa = PBXBuildFile; fileRef = ECD5357A18054B58000A2909 /* REEventParameterTypeViewController.m */; };
		ECD5358E18054B58000A2909 /* REInitialViewController.m in Sources */ = {isa = PBXBuildFile; fileRef = ECD5357C18054B58000A2909 /* REInitialViewController.m */; };
		ECD5358F18054B58000A2909 /* RESDKParametersViewController.m in Sources */ = {isa = PBXBuildFile; fileRef = ECD5357E18054B58000A2909 /* RESDKParametersViewController.m */; };
		ECD5359018054B58000A2909 /* RESocialPermissionCell.m in Sources */ = {isa = PBXBuildFile; fileRef = ECD5358018054B58000A2909 /* RESocialPermissionCell.m */; };
		ECD5359118054B58000A2909 /* RESwitchCell.m in Sources */ = {isa = PBXBuildFile; fileRef = ECD5358218054B58000A2909 /* RESwitchCell.m */; };
		ECD5359218054B58000A2909 /* RETestCase.m in Sources */ = {isa = PBXBuildFile; fileRef = ECD5358418054B58000A2909 /* RETestCase.m */; };
		ECD5359318054B58000A2909 /* RETextValueCell.m in Sources */ = {isa = PBXBuildFile; fileRef = ECD5358618054B58000A2909 /* RETextValueCell.m */; };
		ECD5359B18054CD6000A2909 /* CoreTelephony.framework in Frameworks */ = {isa = PBXBuildFile; fileRef = ECD5359A18054CD6000A2909 /* CoreTelephony.framework */; };
		ECD5359D18054CE0000A2909 /* CoreLocation.framework in Frameworks */ = {isa = PBXBuildFile; fileRef = ECD5359C18054CE0000A2909 /* CoreLocation.framework */; };
		ECD5359F18054CE9000A2909 /* AdSupport.framework in Frameworks */ = {isa = PBXBuildFile; fileRef = ECD5359E18054CE9000A2909 /* AdSupport.framework */; };
		ECD535A118054CF3000A2909 /* libsqlite3.dylib in Frameworks */ = {isa = PBXBuildFile; fileRef = ECD535A018054CF3000A2909 /* libsqlite3.dylib */; };
		ECD535A318054CFE000A2909 /* SystemConfiguration.framework in Frameworks */ = {isa = PBXBuildFile; fileRef = ECD535A218054CFE000A2909 /* SystemConfiguration.framework */; };
/* End PBXBuildFile section */

/* Begin PBXFileReference section */
		EC918FEE180D842B009EB1D7 /* libR1Emitter.a */ = {isa = PBXFileReference; lastKnownFileType = archive.ar; path = libR1Emitter.a; sourceTree = "<group>"; };
		EC918FEF180D842B009EB1D7 /* R1Emitter.h */ = {isa = PBXFileReference; fileEncoding = 4; lastKnownFileType = sourcecode.c.h; path = R1Emitter.h; sourceTree = "<group>"; };
		EC918FF0180D842B009EB1D7 /* R1EmitterLineItem.h */ = {isa = PBXFileReference; fileEncoding = 4; lastKnownFileType = sourcecode.c.h; path = R1EmitterLineItem.h; sourceTree = "<group>"; };
		EC918FF1180D842B009EB1D7 /* R1EmitterSocialPermission.h */ = {isa = PBXFileReference; fileEncoding = 4; lastKnownFileType = sourcecode.c.h; path = R1EmitterSocialPermission.h; sourceTree = "<group>"; };
		ECD5353B18054A70000A2909 /* DemoApplication.app */ = {isa = PBXFileReference; explicitFileType = wrapper.application; includeInIndex = 0; path = DemoApplication.app; sourceTree = BUILT_PRODUCTS_DIR; };
		ECD5353E18054A70000A2909 /* Foundation.framework */ = {isa = PBXFileReference; lastKnownFileType = wrapper.framework; name = Foundation.framework; path = System/Library/Frameworks/Foundation.framework; sourceTree = SDKROOT; };
		ECD5354018054A70000A2909 /* CoreGraphics.framework */ = {isa = PBXFileReference; lastKnownFileType = wrapper.framework; name = CoreGraphics.framework; path = System/Library/Frameworks/CoreGraphics.framework; sourceTree = SDKROOT; };
		ECD5354218054A70000A2909 /* UIKit.framework */ = {isa = PBXFileReference; lastKnownFileType = wrapper.framework; name = UIKit.framework; path = System/Library/Frameworks/UIKit.framework; sourceTree = SDKROOT; };
		ECD5354618054A70000A2909 /* DemoApplication-Info.plist */ = {isa = PBXFileReference; lastKnownFileType = text.plist.xml; path = "DemoApplication-Info.plist"; sourceTree = "<group>"; };
		ECD5354818054A70000A2909 /* en */ = {isa = PBXFileReference; lastKnownFileType = text.plist.strings; name = en; path = en.lproj/InfoPlist.strings; sourceTree = "<group>"; };
		ECD5354A18054A70000A2909 /* main.m */ = {isa = PBXFileReference; lastKnownFileType = sourcecode.c.objc; path = main.m; sourceTree = "<group>"; };
		ECD5354C18054A70000A2909 /* DemoApplication-Prefix.pch */ = {isa = PBXFileReference; lastKnownFileType = sourcecode.c.h; path = "DemoApplication-Prefix.pch"; sourceTree = "<group>"; };
		ECD5354D18054A70000A2909 /* REAppDelegate.h */ = {isa = PBXFileReference; lastKnownFileType = sourcecode.c.h; path = REAppDelegate.h; sourceTree = "<group>"; };
		ECD5354E18054A70000A2909 /* REAppDelegate.m */ = {isa = PBXFileReference; lastKnownFileType = sourcecode.c.objc; path = REAppDelegate.m; sourceTree = "<group>"; };
		ECD5355018054A70000A2909 /* Images.xcassets */ = {isa = PBXFileReference; lastKnownFileType = folder.assetcatalog; path = Images.xcassets; sourceTree = "<group>"; };
		ECD5355718054A71000A2909 /* XCTest.framework */ = {isa = PBXFileReference; lastKnownFileType = wrapper.framework; name = XCTest.framework; path = Library/Frameworks/XCTest.framework; sourceTree = DEVELOPER_DIR; };
		ECD5356D18054B58000A2909 /* REEventLineItemCell.h */ = {isa = PBXFileReference; fileEncoding = 4; lastKnownFileType = sourcecode.c.h; path = REEventLineItemCell.h; sourceTree = "<group>"; };
		ECD5356E18054B58000A2909 /* REEventLineItemCell.m */ = {isa = PBXFileReference; fileEncoding = 4; lastKnownFileType = sourcecode.c.objc; path = REEventLineItemCell.m; sourceTree = "<group>"; };
		ECD5356F18054B58000A2909 /* REEventLineItemEditorViewController.h */ = {isa = PBXFileReference; fileEncoding = 4; lastKnownFileType = sourcecode.c.h; path = REEventLineItemEditorViewController.h; sourceTree = "<group>"; };
		ECD5357018054B58000A2909 /* REEventLineItemEditorViewController.m */ = {isa = PBXFileReference; fileEncoding = 4; lastKnownFileType = sourcecode.c.objc; path = REEventLineItemEditorViewController.m; sourceTree = "<group>"; };
		ECD5357118054B58000A2909 /* REEventParameter.h */ = {isa = PBXFileReference; fileEncoding = 4; lastKnownFileType = sourcecode.c.h; path = REEventParameter.h; sourceTree = "<group>"; };
		ECD5357218054B58000A2909 /* REEventParameter.m */ = {isa = PBXFileReference; fileEncoding = 4; lastKnownFileType = sourcecode.c.objc; path = REEventParameter.m; sourceTree = "<group>"; };
		ECD5357318054B58000A2909 /* REEventParameterCell.h */ = {isa = PBXFileReference; fileEncoding = 4; lastKnownFileType = sourcecode.c.h; path = REEventParameterCell.h; sourceTree = "<group>"; };
		ECD5357418054B58000A2909 /* REEventParameterCell.m */ = {isa = PBXFileReference; fileEncoding = 4; lastKnownFileType = sourcecode.c.objc; path = REEventParameterCell.m; sourceTree = "<group>"; };
		ECD5357518054B58000A2909 /* REEventParameterEditorViewController.h */ = {isa = PBXFileReference; fileEncoding = 4; lastKnownFileType = sourcecode.c.h; path = REEventParameterEditorViewController.h; sourceTree = "<group>"; };
		ECD5357618054B58000A2909 /* REEventParameterEditorViewController.m */ = {isa = PBXFileReference; fileEncoding = 4; lastKnownFileType = sourcecode.c.objc; path = REEventParameterEditorViewController.m; sourceTree = "<group>"; };
		ECD5357718054B58000A2909 /* REEventParametersViewController.h */ = {isa = PBXFileReference; fileEncoding = 4; lastKnownFileType = sourcecode.c.h; path = REEventParametersViewController.h; sourceTree = "<group>"; };
		ECD5357818054B58000A2909 /* REEventParametersViewController.m */ = {isa = PBXFileReference; fileEncoding = 4; lastKnownFileType = sourcecode.c.objc; path = REEventParametersViewController.m; sourceTree = "<group>"; };
		ECD5357918054B58000A2909 /* REEventParameterTypeViewController.h */ = {isa = PBXFileReference; fileEncoding = 4; lastKnownFileType = sourcecode.c.h; path = REEventParameterTypeViewController.h; sourceTree = "<group>"; };
		ECD5357A18054B58000A2909 /* REEventParameterTypeViewController.m */ = {isa = PBXFileReference; fileEncoding = 4; lastKnownFileType = sourcecode.c.objc; path = REEventParameterTypeViewController.m; sourceTree = "<group>"; };
		ECD5357B18054B58000A2909 /* REInitialViewController.h */ = {isa = PBXFileReference; fileEncoding = 4; lastKnownFileType = sourcecode.c.h; path = REInitialViewController.h; sourceTree = "<group>"; };
		ECD5357C18054B58000A2909 /* REInitialViewController.m */ = {isa = PBXFileReference; fileEncoding = 4; lastKnownFileType = sourcecode.c.objc; path = REInitialViewController.m; sourceTree = "<group>"; };
		ECD5357D18054B58000A2909 /* RESDKParametersViewController.h */ = {isa = PBXFileReference; fileEncoding = 4; lastKnownFileType = sourcecode.c.h; path = RESDKParametersViewController.h; sourceTree = "<group>"; };
		ECD5357E18054B58000A2909 /* RESDKParametersViewController.m */ = {isa = PBXFileReference; fileEncoding = 4; lastKnownFileType = sourcecode.c.objc; path = RESDKParametersViewController.m; sourceTree = "<group>"; };
		ECD5357F18054B58000A2909 /* RESocialPermissionCell.h */ = {isa = PBXFileReference; fileEncoding = 4; lastKnownFileType = sourcecode.c.h; path = RESocialPermissionCell.h; sourceTree = "<group>"; };
		ECD5358018054B58000A2909 /* RESocialPermissionCell.m */ = {isa = PBXFileReference; fileEncoding = 4; lastKnownFileType = sourcecode.c.objc; path = RESocialPermissionCell.m; sourceTree = "<group>"; };
		ECD5358118054B58000A2909 /* RESwitchCell.h */ = {isa = PBXFileReference; fileEncoding = 4; lastKnownFileType = sourcecode.c.h; path = RESwitchCell.h; sourceTree = "<group>"; };
		ECD5358218054B58000A2909 /* RESwitchCell.m */ = {isa = PBXFileReference; fileEncoding = 4; lastKnownFileType = sourcecode.c.objc; path = RESwitchCell.m; sourceTree = "<group>"; };
		ECD5358318054B58000A2909 /* RETestCase.h */ = {isa = PBXFileReference; fileEncoding = 4; lastKnownFileType = sourcecode.c.h; path = RETestCase.h; sourceTree = "<group>"; };
		ECD5358418054B58000A2909 /* RETestCase.m */ = {isa = PBXFileReference; fileEncoding = 4; lastKnownFileType = sourcecode.c.objc; path = RETestCase.m; sourceTree = "<group>"; };
		ECD5358518054B58000A2909 /* RETextValueCell.h */ = {isa = PBXFileReference; fileEncoding = 4; lastKnownFileType = sourcecode.c.h; path = RETextValueCell.h; sourceTree = "<group>"; };
		ECD5358618054B58000A2909 /* RETextValueCell.m */ = {isa = PBXFileReference; fileEncoding = 4; lastKnownFileType = sourcecode.c.objc; path = RETextValueCell.m; sourceTree = "<group>"; };
		ECD5359A18054CD6000A2909 /* CoreTelephony.framework */ = {isa = PBXFileReference; lastKnownFileType = wrapper.framework; name = CoreTelephony.framework; path = System/Library/Frameworks/CoreTelephony.framework; sourceTree = SDKROOT; };
		ECD5359C18054CE0000A2909 /* CoreLocation.framework */ = {isa = PBXFileReference; lastKnownFileType = wrapper.framework; name = CoreLocation.framework; path = System/Library/Frameworks/CoreLocation.framework; sourceTree = SDKROOT; };
		ECD5359E18054CE9000A2909 /* AdSupport.framework */ = {isa = PBXFileReference; lastKnownFileType = wrapper.framework; name = AdSupport.framework; path = System/Library/Frameworks/AdSupport.framework; sourceTree = SDKROOT; };
		ECD535A018054CF3000A2909 /* libsqlite3.dylib */ = {isa = PBXFileReference; lastKnownFileType = "compiled.mach-o.dylib"; name = libsqlite3.dylib; path = usr/lib/libsqlite3.dylib; sourceTree = SDKROOT; };
		ECD535A218054CFE000A2909 /* SystemConfiguration.framework */ = {isa = PBXFileReference; lastKnownFileType = wrapper.framework; name = SystemConfiguration.framework; path = System/Library/Frameworks/SystemConfiguration.framework; sourceTree = SDKROOT; };
/* End PBXFileReference section */

/* Begin PBXFrameworksBuildPhase section */
		ECD5353818054A70000A2909 /* Frameworks */ = {
			isa = PBXFrameworksBuildPhase;
			buildActionMask = 2147483647;
			files = (
				EC918FF2180D842B009EB1D7 /* libR1Emitter.a in Frameworks */,
				ECD535A318054CFE000A2909 /* SystemConfiguration.framework in Frameworks */,
				ECD535A118054CF3000A2909 /* libsqlite3.dylib in Frameworks */,
				ECD5359F18054CE9000A2909 /* AdSupport.framework in Frameworks */,
				ECD5359D18054CE0000A2909 /* CoreLocation.framework in Frameworks */,
				ECD5359B18054CD6000A2909 /* CoreTelephony.framework in Frameworks */,
				ECD5354118054A70000A2909 /* CoreGraphics.framework in Frameworks */,
				ECD5354318054A70000A2909 /* UIKit.framework in Frameworks */,
				ECD5353F18054A70000A2909 /* Foundation.framework in Frameworks */,
			);
			runOnlyForDeploymentPostprocessing = 0;
		};
/* End PBXFrameworksBuildPhase section */

/* Begin PBXGroup section */
		EC918FED180D842B009EB1D7 /* lib */ = {
			isa = PBXGroup;
			children = (
				EC918FEE180D842B009EB1D7 /* libR1Emitter.a */,
				EC918FEF180D842B009EB1D7 /* R1Emitter.h */,
				EC918FF0180D842B009EB1D7 /* R1EmitterLineItem.h */,
				EC918FF1180D842B009EB1D7 /* R1EmitterSocialPermission.h */,
			);
			name = lib;
			path = ../lib;
			sourceTree = "<group>";
		};
		ECD5353218054A70000A2909 = {
			isa = PBXGroup;
			children = (
				EC918FED180D842B009EB1D7 /* lib */,
				ECD5354418054A70000A2909 /* DemoApplication */,
				ECD5353D18054A70000A2909 /* Frameworks */,
				ECD5353C18054A70000A2909 /* Products */,
			);
			sourceTree = "<group>";
		};
		ECD5353C18054A70000A2909 /* Products */ = {
			isa = PBXGroup;
			children = (
				ECD5353B18054A70000A2909 /* DemoApplication.app */,
			);
			name = Products;
			sourceTree = "<group>";
		};
		ECD5353D18054A70000A2909 /* Frameworks */ = {
			isa = PBXGroup;
			children = (
				ECD535A218054CFE000A2909 /* SystemConfiguration.framework */,
				ECD535A018054CF3000A2909 /* libsqlite3.dylib */,
				ECD5359E18054CE9000A2909 /* AdSupport.framework */,
				ECD5359C18054CE0000A2909 /* CoreLocation.framework */,
				ECD5359A18054CD6000A2909 /* CoreTelephony.framework */,
				ECD5353E18054A70000A2909 /* Foundation.framework */,
				ECD5354018054A70000A2909 /* CoreGraphics.framework */,
				ECD5354218054A70000A2909 /* UIKit.framework */,
				ECD5355718054A71000A2909 /* XCTest.framework */,
			);
			name = Frameworks;
			sourceTree = "<group>";
		};
		ECD5354418054A70000A2909 /* DemoApplication */ = {
			isa = PBXGroup;
			children = (
				ECD5356D18054B58000A2909 /* REEventLineItemCell.h */,
				ECD5356E18054B58000A2909 /* REEventLineItemCell.m */,
				ECD5356F18054B58000A2909 /* REEventLineItemEditorViewController.h */,
				ECD5357018054B58000A2909 /* REEventLineItemEditorViewController.m */,
				ECD5357118054B58000A2909 /* REEventParameter.h */,
				ECD5357218054B58000A2909 /* REEventParameter.m */,
				ECD5357318054B58000A2909 /* REEventParameterCell.h */,
				ECD5357418054B58000A2909 /* REEventParameterCell.m */,
				ECD5357518054B58000A2909 /* REEventParameterEditorViewController.h */,
				ECD5357618054B58000A2909 /* REEventParameterEditorViewController.m */,
				ECD5357718054B58000A2909 /* REEventParametersViewController.h */,
				ECD5357818054B58000A2909 /* REEventParametersViewController.m */,
				ECD5357918054B58000A2909 /* REEventParameterTypeViewController.h */,
				ECD5357A18054B58000A2909 /* REEventParameterTypeViewController.m */,
				ECD5357B18054B58000A2909 /* REInitialViewController.h */,
				ECD5357C18054B58000A2909 /* REInitialViewController.m */,
				ECD5357D18054B58000A2909 /* RESDKParametersViewController.h */,
				ECD5357E18054B58000A2909 /* RESDKParametersViewController.m */,
				ECD5357F18054B58000A2909 /* RESocialPermissionCell.h */,
				ECD5358018054B58000A2909 /* RESocialPermissionCell.m */,
				ECD5358118054B58000A2909 /* RESwitchCell.h */,
				ECD5358218054B58000A2909 /* RESwitchCell.m */,
				ECD5358318054B58000A2909 /* RETestCase.h */,
				ECD5358418054B58000A2909 /* RETestCase.m */,
				ECD5358518054B58000A2909 /* RETextValueCell.h */,
				ECD5358618054B58000A2909 /* RETextValueCell.m */,
				ECD5354D18054A70000A2909 /* REAppDelegate.h */,
				ECD5354E18054A70000A2909 /* REAppDelegate.m */,
				ECD5355018054A70000A2909 /* Images.xcassets */,
				ECD5354518054A70000A2909 /* Supporting Files */,
			);
			path = DemoApplication;
			sourceTree = "<group>";
		};
		ECD5354518054A70000A2909 /* Supporting Files */ = {
			isa = PBXGroup;
			children = (
				ECD5354618054A70000A2909 /* DemoApplication-Info.plist */,
				ECD5354718054A70000A2909 /* InfoPlist.strings */,
				ECD5354A18054A70000A2909 /* main.m */,
				ECD5354C18054A70000A2909 /* DemoApplication-Prefix.pch */,
			);
			name = "Supporting Files";
			sourceTree = "<group>";
		};
/* End PBXGroup section */

/* Begin PBXNativeTarget section */
		ECD5353A18054A70000A2909 /* DemoApplication */ = {
			isa = PBXNativeTarget;
			buildConfigurationList = ECD5356718054A71000A2909 /* Build configuration list for PBXNativeTarget "DemoApplication" */;
			buildPhases = (
				ECD5353718054A70000A2909 /* Sources */,
				ECD5353818054A70000A2909 /* Frameworks */,
				ECD5353918054A70000A2909 /* Resources */,
			);
			buildRules = (
			);
			dependencies = (
			);
			name = DemoApplication;
			productName = DemoApplication;
			productReference = ECD5353B18054A70000A2909 /* DemoApplication.app */;
			productType = "com.apple.product-type.application";
		};
/* End PBXNativeTarget section */

/* Begin PBXProject section */
		ECD5353318054A70000A2909 /* Project object */ = {
			isa = PBXProject;
			attributes = {
				CLASSPREFIX = RE;
				LastUpgradeCheck = 0500;
				ORGANIZATIONNAME = RadiumOne;
			};
			buildConfigurationList = ECD5353618054A70000A2909 /* Build configuration list for PBXProject "DemoApplication" */;
			compatibilityVersion = "Xcode 3.2";
			developmentRegion = English;
			hasScannedForEncodings = 0;
			knownRegions = (
				en,
			);
			mainGroup = ECD5353218054A70000A2909;
			productRefGroup = ECD5353C18054A70000A2909 /* Products */;
			projectDirPath = "";
			projectRoot = "";
			targets = (
				ECD5353A18054A70000A2909 /* DemoApplication */,
			);
		};
/* End PBXProject section */

/* Begin PBXResourcesBuildPhase section */
		ECD5353918054A70000A2909 /* Resources */ = {
			isa = PBXResourcesBuildPhase;
			buildActionMask = 2147483647;
			files = (
				ECD5354918054A70000A2909 /* InfoPlist.strings in Resources */,
				ECD5355118054A70000A2909 /* Images.xcassets in Resources */,
			);
			runOnlyForDeploymentPostprocessing = 0;
		};
/* End PBXResourcesBuildPhase section */

/* Begin PBXSourcesBuildPhase section */
		ECD5353718054A70000A2909 /* Sources */ = {
			isa = PBXSourcesBuildPhase;
			buildActionMask = 2147483647;
			files = (
				ECD5358C18054B58000A2909 /* REEventParametersViewController.m in Sources */,
				ECD5358918054B58000A2909 /* REEventParameter.m in Sources */,
				ECD5359018054B58000A2909 /* RESocialPermissionCell.m in Sources */,
				ECD5359318054B58000A2909 /* RETextValueCell.m in Sources */,
				ECD5358D18054B58000A2909 /* REEventParameterTypeViewController.m in Sources */,
				ECD5358A18054B58000A2909 /* REEventParameterCell.m in Sources */,
				ECD5354B18054A70000A2909 /* main.m in Sources */,
				ECD5358718054B58000A2909 /* REEventLineItemCell.m in Sources */,
				ECD5358F18054B58000A2909 /* RESDKParametersViewController.m in Sources */,
				ECD5359218054B58000A2909 /* RETestCase.m in Sources */,
				ECD5358818054B58000A2909 /* REEventLineItemEditorViewController.m in Sources */,
				ECD5354F18054A70000A2909 /* REAppDelegate.m in Sources */,
				ECD5358E18054B58000A2909 /* REInitialViewController.m in Sources */,
				ECD5358B18054B58000A2909 /* REEventParameterEditorViewController.m in Sources */,
				ECD5359118054B58000A2909 /* RESwitchCell.m in Sources */,
			);
			runOnlyForDeploymentPostprocessing = 0;
		};
/* End PBXSourcesBuildPhase section */

/* Begin PBXVariantGroup section */
		ECD5354718054A70000A2909 /* InfoPlist.strings */ = {
			isa = PBXVariantGroup;
			children = (
				ECD5354818054A70000A2909 /* en */,
			);
			name = InfoPlist.strings;
			sourceTree = "<group>";
		};
/* End PBXVariantGroup section */

/* Begin XCBuildConfiguration section */
		ECD5356518054A71000A2909 /* Debug */ = {
			isa = XCBuildConfiguration;
			buildSettings = {
				ALWAYS_SEARCH_USER_PATHS = NO;
				ARCHS = "$(ARCHS_STANDARD)";
				CLANG_CXX_LANGUAGE_STANDARD = "gnu++0x";
				CLANG_CXX_LIBRARY = "libc++";
				CLANG_ENABLE_MODULES = YES;
				CLANG_ENABLE_OBJC_ARC = NO;
				CLANG_WARN_BOOL_CONVERSION = YES;
				CLANG_WARN_CONSTANT_CONVERSION = YES;
				CLANG_WARN_DIRECT_OBJC_ISA_USAGE = YES_ERROR;
				CLANG_WARN_EMPTY_BODY = YES;
				CLANG_WARN_ENUM_CONVERSION = YES;
				CLANG_WARN_INT_CONVERSION = YES;
				CLANG_WARN_OBJC_ROOT_CLASS = YES_ERROR;
				CLANG_WARN__DUPLICATE_METHOD_MATCH = YES;
				"CODE_SIGN_IDENTITY[sdk=iphoneos*]" = "iPhone Developer";
				COPY_PHASE_STRIP = NO;
				GCC_C_LANGUAGE_STANDARD = gnu99;
				GCC_DYNAMIC_NO_PIC = NO;
				GCC_OPTIMIZATION_LEVEL = 0;
				GCC_PREPROCESSOR_DEFINITIONS = (
					"DEBUG=1",
					"$(inherited)",
				);
				GCC_SYMBOLS_PRIVATE_EXTERN = NO;
				GCC_WARN_64_TO_32_BIT_CONVERSION = YES;
				GCC_WARN_ABOUT_RETURN_TYPE = YES_ERROR;
				GCC_WARN_UNDECLARED_SELECTOR = YES;
				GCC_WARN_UNINITIALIZED_AUTOS = YES;
				GCC_WARN_UNUSED_FUNCTION = YES;
				GCC_WARN_UNUSED_VARIABLE = YES;
				IPHONEOS_DEPLOYMENT_TARGET = 5.0;
				LIBRARY_SEARCH_PATHS = ../lib;
				ONLY_ACTIVE_ARCH = YES;
				SDKROOT = iphoneos;
				TARGETED_DEVICE_FAMILY = "1,2";
			};
			name = Debug;
		};
		ECD5356618054A71000A2909 /* Release */ = {
			isa = XCBuildConfiguration;
			buildSettings = {
				ALWAYS_SEARCH_USER_PATHS = NO;
				ARCHS = "$(ARCHS_STANDARD)";
				CLANG_CXX_LANGUAGE_STANDARD = "gnu++0x";
				CLANG_CXX_LIBRARY = "libc++";
				CLANG_ENABLE_MODULES = YES;
				CLANG_ENABLE_OBJC_ARC = NO;
				CLANG_WARN_BOOL_CONVERSION = YES;
				CLANG_WARN_CONSTANT_CONVERSION = YES;
				CLANG_WARN_DIRECT_OBJC_ISA_USAGE = YES_ERROR;
				CLANG_WARN_EMPTY_BODY = YES;
				CLANG_WARN_ENUM_CONVERSION = YES;
				CLANG_WARN_INT_CONVERSION = YES;
				CLANG_WARN_OBJC_ROOT_CLASS = YES_ERROR;
				CLANG_WARN__DUPLICATE_METHOD_MATCH = YES;
				"CODE_SIGN_IDENTITY[sdk=iphoneos*]" = "iPhone Developer";
				COPY_PHASE_STRIP = YES;
				ENABLE_NS_ASSERTIONS = NO;
				GCC_C_LANGUAGE_STANDARD = gnu99;
				GCC_WARN_64_TO_32_BIT_CONVERSION = YES;
				GCC_WARN_ABOUT_RETURN_TYPE = YES_ERROR;
				GCC_WARN_UNDECLARED_SELECTOR = YES;
				GCC_WARN_UNINITIALIZED_AUTOS = YES;
				GCC_WARN_UNUSED_FUNCTION = YES;
				GCC_WARN_UNUSED_VARIABLE = YES;
				IPHONEOS_DEPLOYMENT_TARGET = 5.0;
				LIBRARY_SEARCH_PATHS = ../lib;
				SDKROOT = iphoneos;
				TARGETED_DEVICE_FAMILY = "1,2";
				VALIDATE_PRODUCT = YES;
			};
			name = Release;
		};
		ECD5356818054A71000A2909 /* Debug */ = {
			isa = XCBuildConfiguration;
			buildSettings = {
				ARCHS = "$(ARCHS_STANDARD)";
				ASSETCATALOG_COMPILER_APPICON_NAME = AppIcon;
				ASSETCATALOG_COMPILER_LAUNCHIMAGE_NAME = LaunchImage;
				CLANG_ENABLE_OBJC_ARC = NO;
				GCC_PRECOMPILE_PREFIX_HEADER = YES;
				GCC_PREFIX_HEADER = "DemoApplication/DemoApplication-Prefix.pch";
				INFOPLIST_FILE = "DemoApplication/DemoApplication-Info.plist";
				IPHONEOS_DEPLOYMENT_TARGET = 5.0;
				LIBRARY_SEARCH_PATHS = "$(inherited)";
				PRODUCT_NAME = "$(TARGET_NAME)";
				WRAPPER_EXTENSION = app;
			};
			name = Debug;
		};
		ECD5356918054A71000A2909 /* Release */ = {
			isa = XCBuildConfiguration;
			buildSettings = {
				ARCHS = "$(ARCHS_STANDARD)";
				ASSETCATALOG_COMPILER_APPICON_NAME = AppIcon;
				ASSETCATALOG_COMPILER_LAUNCHIMAGE_NAME = LaunchImage;
				CLANG_ENABLE_OBJC_ARC = NO;
				GCC_PRECOMPILE_PREFIX_HEADER = YES;
				GCC_PREFIX_HEADER = "DemoApplication/DemoApplication-Prefix.pch";
				INFOPLIST_FILE = "DemoApplication/DemoApplication-Info.plist";
				IPHONEOS_DEPLOYMENT_TARGET = 5.0;
				LIBRARY_SEARCH_PATHS = "$(inherited)";
				PRODUCT_NAME = "$(TARGET_NAME)";
				WRAPPER_EXTENSION = app;
			};
			name = Release;
		};
/* End XCBuildConfiguration section */

/* Begin XCConfigurationList section */
		ECD5353618054A70000A2909 /* Build configuration list for PBXProject "DemoApplication" */ = {
			isa = XCConfigurationList;
			buildConfigurations = (
				ECD5356518054A71000A2909 /* Debug */,
				ECD5356618054A71000A2909 /* Release */,
			);
			defaultConfigurationIsVisible = 0;
			defaultConfigurationName = Release;
		};
		ECD5356718054A71000A2909 /* Build configuration list for PBXNativeTarget "DemoApplication" */ = {
			isa = XCConfigurationList;
			buildConfigurations = (
				ECD5356818054A71000A2909 /* Debug */,
				ECD5356918054A71000A2909 /* Release */,
			);
			defaultConfigurationIsVisible = 0;
			defaultConfigurationName = Release;
		};
/* End XCConfigurationList section */
	};
	rootObject = ECD5353318054A70000A2909 /* Project object */;
}
